
Microsoft Visual Studio Solution File, Format Version 12.00
# Visual Studio Version 17
VisualStudioVersion = 17.9.34728.123
MinimumVisualStudioVersion = 10.0.40219.1
Project("{FAE04EC0-301F-11D3-BF4B-00C04F79EFBC}") = "Estrutuda com if e else", "Estrutuda com if e else\Estrutuda com if e else.csproj", "{D94B2B9C-3D0A-4E3C-9839-48BB6514AB8F}"
EndProject
Global
	GlobalSection(SolutionConfigurationPlatforms) = preSolution
		Debug|Any CPU = Debug|Any CPU
		Release|Any CPU = Release|Any CPU
	EndGlobalSection
	GlobalSection(ProjectConfigurationPlatforms) = postSolution
		{D94B2B9C-3D0A-4E3C-9839-48BB6514AB8F}.Debug|Any CPU.ActiveCfg = Debug|Any CPU
		{D94B2B9C-3D0A-4E3C-9839-48BB6514AB8F}.Debug|Any CPU.Build.0 = Debug|Any CPU
		{D94B2B9C-3D0A-4E3C-9839-48BB6514AB8F}.Release|Any CPU.ActiveCfg = Release|Any CPU
		{D94B2B9C-3D0A-4E3C-9839-48BB6514AB8F}.Release|Any CPU.Build.0 = Release|Any CPU
	EndGlobalSection
	GlobalSection(SolutionProperties) = preSolution
		HideSolutionNode = FALSE
	EndGlobalSection
	GlobalSection(ExtensibilityGlobals) = postSolution
		SolutionGuid = {3029F6EA-D7B0-4824-BA23-D25BF9490B28}
	EndGlobalSection
EndGlobal
